
Microsoft Visual Studio Solution File, Format Version 12.00
# Visual Studio 2013
VisualStudioVersion = 12.0.21005.1
MinimumVisualStudioVersion = 10.0.40219.1
Project("{8BC9CEB8-8B4A-11D0-8D11-00A0C91BC942}") = "01Cube", "01Cube\01Cube.vcxproj", "{B7FFCDA1-2926-4C5D-B067-BD44A0710C0C}"
EndProject
Project("{8BC9CEB8-8B4A-11D0-8D11-00A0C91BC942}") = "02Cube-glsl", "02Cube-glsl\02Cube-glsl.vcxproj", "{3514859D-A1C0-4DC4-A14C-2A2A5AFB373F}"
EndProject
Project("{8BC9CEB8-8B4A-11D0-8D11-00A0C91BC942}") = "03Cube-glsl-texture", "03Cube-glsl-texture\03Cube-glsl-texture.vcxproj", "{E635E71B-EDCA-4C90-9382-7AD89654F233}"
EndProject
Project("{8BC9CEB8-8B4A-11D0-8D11-00A0C91BC942}") = "04Terrain", "04Terrain\04Terrain.vcxproj", "{07B575A2-02CD-48A5-BFE2-D2B00BABA677}"
EndProject
Project("{8BC9CEB8-8B4A-11D0-8D11-00A0C91BC942}") = "05OBJViewer", "05OBJViewer\05OBJViewer.vcxproj", "{8717D0FC-D8AE-4FC3-9D54-3080C1212638}"
EndProject
Project("{8BC9CEB8-8B4A-11D0-8D11-00A0C91BC942}") = "06OBJViewer-phong", "06OBJViewer-phong\06OBJViewer-phong.vcxproj", "{6DB4D315-6D75-4D99-845E-DB73BE2964D8}"
EndProject
Project("{8BC9CEB8-8B4A-11D0-8D11-00A0C91BC942}") = "07OBJViewer-normalMap", "07OBJViewer-normalMap\07OBJViewer-normalMap.vcxproj", "{9D55913F-46A1-4044-8191-B243F3032EF9}"
EndProject
Global
	GlobalSection(SolutionConfigurationPlatforms) = preSolution
		Debug|Win32 = Debug|Win32
		Release|Win32 = Release|Win32
	EndGlobalSection
	GlobalSection(ProjectConfigurationPlatforms) = postSolution
		{B7FFCDA1-2926-4C5D-B067-BD44A0710C0C}.Debug|Win32.ActiveCfg = Debug|Win32
		{B7FFCDA1-2926-4C5D-B067-BD44A0710C0C}.Debug|Win32.Build.0 = Debug|Win32
		{B7FFCDA1-2926-4C5D-B067-BD44A0710C0C}.Release|Win32.ActiveCfg = Release|Win32
		{B7FFCDA1-2926-4C5D-B067-BD44A0710C0C}.Release|Win32.Build.0 = Release|Win32
		{3514859D-A1C0-4DC4-A14C-2A2A5AFB373F}.Debug|Win32.ActiveCfg = Debug|Win32
		{3514859D-A1C0-4DC4-A14C-2A2A5AFB373F}.Debug|Win32.Build.0 = Debug|Win32
		{3514859D-A1C0-4DC4-A14C-2A2A5AFB373F}.Release|Win32.ActiveCfg = Release|Win32
		{3514859D-A1C0-4DC4-A14C-2A2A5AFB373F}.Release|Win32.Build.0 = Release|Win32
		{E635E71B-EDCA-4C90-9382-7AD89654F233}.Debug|Win32.ActiveCfg = Debug|Win32
		{E635E71B-EDCA-4C90-9382-7AD89654F233}.Debug|Win32.Build.0 = Debug|Win32
		{E635E71B-EDCA-4C90-9382-7AD89654F233}.Release|Win32.ActiveCfg = Release|Win32
		{E635E71B-EDCA-4C90-9382-7AD89654F233}.Release|Win32.Build.0 = Release|Win32
		{07B575A2-02CD-48A5-BFE2-D2B00BABA677}.Debug|Win32.ActiveCfg = Debug|Win32
		{07B575A2-02CD-48A5-BFE2-D2B00BABA677}.Debug|Win32.Build.0 = Debug|Win32
		{07B575A2-02CD-48A5-BFE2-D2B00BABA677}.Release|Win32.ActiveCfg = Release|Win32
		{07B575A2-02CD-48A5-BFE2-D2B00BABA677}.Release|Win32.Build.0 = Release|Win32
		{8717D0FC-D8AE-4FC3-9D54-3080C1212638}.Debug|Win32.ActiveCfg = Debug|Win32
		{8717D0FC-D8AE-4FC3-9D54-3080C1212638}.Debug|Win32.Build.0 = Debug|Win32
		{8717D0FC-D8AE-4FC3-9D54-3080C1212638}.Release|Win32.ActiveCfg = Release|Win32
		{8717D0FC-D8AE-4FC3-9D54-3080C1212638}.Release|Win32.Build.0 = Release|Win32
		{6DB4D315-6D75-4D99-845E-DB73BE2964D8}.Debug|Win32.ActiveCfg = Debug|Win32
		{6DB4D315-6D75-4D99-845E-DB73BE2964D8}.Debug|Win32.Build.0 = Debug|Win32
		{6DB4D315-6D75-4D99-845E-DB73BE2964D8}.Release|Win32.ActiveCfg = Release|Win32
		{6DB4D315-6D75-4D99-845E-DB73BE2964D8}.Release|Win32.Build.0 = Release|Win32
		{9D55913F-46A1-4044-8191-B243F3032EF9}.Debug|Win32.ActiveCfg = Debug|Win32
		{9D55913F-46A1-4044-8191-B243F3032EF9}.Debug|Win32.Build.0 = Debug|Win32
		{9D55913F-46A1-4044-8191-B243F3032EF9}.Release|Win32.ActiveCfg = Release|Win32
		{9D55913F-46A1-4044-8191-B243F3032EF9}.Release|Win32.Build.0 = Release|Win32
	EndGlobalSection
	GlobalSection(SolutionProperties) = preSolution
		HideSolutionNode = FALSE
	EndGlobalSection
EndGlobal
