<?xml version="1.0" encoding="utf-8"?>
<Project ToolsVersion="4.0" xmlns="http://schemas.microsoft.com/developer/msbuild/2003">
  <ItemGroup>
    <Filter Include="Source Files">
      <UniqueIdentifier>{4FC737F1-C7A5-4376-A066-2A32D752A2FF}</UniqueIdentifier>
      <Extensions>cpp;c;cc;cxx;def;odl;idl;hpj;bat;asm;asmx</Extensions>
    </Filter>
    <Filter Include="Header Files">
      <UniqueIdentifier>{93995380-89BD-4b04-88EB-625FBE52EBFB}</UniqueIdentifier>
      <Extensions>h;hh;hpp;hxx;hm;inl;inc;xsd</Extensions>
    </Filter>
    <Filter Include="Resource Files">
      <UniqueIdentifier>{67DA6AB6-F800-4c08-8B7A-83BB121AAD01}</UniqueIdentifier>
      <Extensions>rc;ico;cur;bmp;dlg;rc2;rct;bin;rgs;gif;jpg;jpeg;jpe;resx;tiff;tif;png;wav;mfcribbon-ms</Extensions>
    </Filter>
    <Filter Include="Header Files\Animation">
      <UniqueIdentifier>{1db3c146-d4ac-4e20-a786-b17d77dc73e2}</UniqueIdentifier>
    </Filter>
    <Filter Include="Header Files\MeshObject">
      <UniqueIdentifier>{c6fc94e8-5312-4678-a4da-04eccd91de25}</UniqueIdentifier>
    </Filter>
    <Filter Include="Header Files\Third">
      <UniqueIdentifier>{f3107c49-eb89-46bf-af59-7c8cf7780db0}</UniqueIdentifier>
    </Filter>
    <Filter Include="Source Files\Animation">
      <UniqueIdentifier>{9d2d6e6e-97d7-4559-9cd2-473e2d4dc50f}</UniqueIdentifier>
    </Filter>
    <Filter Include="Source Files\MeshObject">
      <UniqueIdentifier>{8e58a50e-6af0-4ce0-9af8-53de13b1de11}</UniqueIdentifier>
    </Filter>
    <Filter Include="Source Files\Third">
      <UniqueIdentifier>{fc91b2fd-ef3c-4d41-b803-b674743e008b}</UniqueIdentifier>
    </Filter>
    <Filter Include="Header Files\Third\deps">
      <UniqueIdentifier>{42072f3e-6f35-4366-9e9d-5f03f9fb91d5}</UniqueIdentifier>
    </Filter>
    <Filter Include="Header Files\Third\tinyxml">
      <UniqueIdentifier>{7e9caf77-ca7a-42fb-a972-50bed3aee354}</UniqueIdentifier>
    </Filter>
    <Filter Include="Source Files\Third\deps">
      <UniqueIdentifier>{b8ce9b45-6b4c-4fc1-a1f7-ca9bb37f2378}</UniqueIdentifier>
    </Filter>
    <Filter Include="Source Files\Third\tinyxml">
      <UniqueIdentifier>{ef5d94b9-6432-4f83-b875-f53a50b3f55d}</UniqueIdentifier>
    </Filter>
    <Filter Include="Source Files\Animation\AnimatedModel">
      <UniqueIdentifier>{21b90dee-f230-4b4c-a776-c0677b09462c}</UniqueIdentifier>
    </Filter>
    <Filter Include="Source Files\Animation\Render">
      <UniqueIdentifier>{2dc998ec-ea58-43d4-b91f-9af85c763f41}</UniqueIdentifier>
    </Filter>
    <Filter Include="Header Files\Animation\AnimatedModel">
      <UniqueIdentifier>{e3c373f3-6e88-4e92-a218-70e71cbd4fdb}</UniqueIdentifier>
    </Filter>
    <Filter Include="Header Files\Animation\Render">
      <UniqueIdentifier>{b6f7950b-6ee9-49af-8692-f8d002cdc137}</UniqueIdentifier>
    </Filter>
    <Filter Include="Header Files\Animation\Animator">
      <UniqueIdentifier>{326364b9-f485-45f9-acdb-27e412c031c0}</UniqueIdentifier>
    </Filter>
    <Filter Include="Source Files\Animation\Animator">
      <UniqueIdentifier>{0bc21ed7-8538-49cd-8a6a-5c87d245cc3e}</UniqueIdentifier>
    </Filter>
    <Filter Include="Header Files\Animation\ColladaLoader">
      <UniqueIdentifier>{6a47bbf6-e85c-4ed9-a596-7b31d8a2e917}</UniqueIdentifier>
    </Filter>
    <Filter Include="Source Files\Animation\ColladaLoader">
      <UniqueIdentifier>{4700cd54-175e-494d-bd5d-21045140bcb2}</UniqueIdentifier>
    </Filter>
  </ItemGroup>
  <ItemGroup>
    <ClInclude Include="Animation\AnimatedModel\AnimatedMesh.h">
      <Filter>Header Files\Animation\AnimatedModel</Filter>
    </ClInclude>
    <ClInclude Include="Animation\AnimatedModel\AnimatedModel.h">
      <Filter>Header Files\Animation\AnimatedModel</Filter>
    </ClInclude>
    <ClInclude Include="Animation\Animator\Animation.h">
      <Filter>Header Files\Animation\Animator</Filter>
    </ClInclude>
    <ClInclude Include="Animation\Animator\Animator.h">
      <Filter>Header Files\Animation\Animator</Filter>
    </ClInclude>
    <ClInclude Include="Animation\Render\AnimationShader.h">
      <Filter>Header Files\Animation\Render</Filter>
    </ClInclude>
    <ClInclude Include="MeshObject\MeshCube.h">
      <Filter>Header Files\MeshObject</Filter>
    </ClInclude>
    <ClInclude Include="MeshObject\MeshQuad.h">
      <Filter>Header Files\MeshObject</Filter>
    </ClInclude>
    <ClInclude Include="MeshObject\MeshSphere.h">
      <Filter>Header Files\MeshObject</Filter>
    </ClInclude>
    <ClInclude Include="MeshObject\MeshSpiral.h">
      <Filter>Header Files\MeshObject</Filter>
    </ClInclude>
    <ClInclude Include="MeshObject\MeshTorus.h">
      <Filter>Header Files\MeshObject</Filter>
    </ClInclude>
    <ClInclude Include="Third\deps\stb_image.h">
      <Filter>Header Files\Third\deps</Filter>
    </ClInclude>
    <ClInclude Include="Third\tinyxml\tinystr.h">
      <Filter>Header Files\Third\tinyxml</Filter>
    </ClInclude>
    <ClInclude Include="Third\tinyxml\tinyxml.h">
      <Filter>Header Files\Third\tinyxml</Filter>
    </ClInclude>
    <ClInclude Include="Bitmap.h">
      <Filter>Header Files</Filter>
    </ClInclude>
    <ClInclude Include="Camera.h">
      <Filter>Header Files</Filter>
    </ClInclude>
    <ClInclude Include="Depthmap.h">
      <Filter>Header Files</Filter>
    </ClInclude>
    <ClInclude Include="Entity3D.h">
      <Filter>Header Files</Filter>
    </ClInclude>
    <ClInclude Include="Extension.h">
      <Filter>Header Files</Filter>
    </ClInclude>
    <ClInclude Include="Model.h">
      <Filter>Header Files</Filter>
    </ClInclude>
    <ClInclude Include="ModelMatrix.h">
      <Filter>Header Files</Filter>
    </ClInclude>
    <ClInclude Include="Object.h">
      <Filter>Header Files</Filter>
    </ClInclude>
    <ClInclude Include="Shader.h">
      <Filter>Header Files</Filter>
    </ClInclude>
    <ClInclude Include="Skybox.h">
      <Filter>Header Files</Filter>
    </ClInclude>
    <ClInclude Include="Texture.h">
      <Filter>Header Files</Filter>
    </ClInclude>
    <ClInclude Include="Vector.h">
      <Filter>Header Files</Filter>
    </ClInclude>
    <ClInclude Include="Animation\ColladaLoader\ColladaLoader.h">
      <Filter>Header Files\Animation\ColladaLoader</Filter>
    </ClInclude>
  </ItemGroup>
  <ItemGroup>
    <ClCompile Include="Animation\AnimatedModel\AnimatedMesh.cpp">
      <Filter>Source Files\Animation\AnimatedModel</Filter>
    </ClCompile>
    <ClCompile Include="Animation\AnimatedModel\AnimatedModel.cpp">
      <Filter>Source Files\Animation\AnimatedModel</Filter>
    </ClCompile>
    <ClCompile Include="Animation\Animator\Animation.cpp">
      <Filter>Source Files\Animation\Animator</Filter>
    </ClCompile>
    <ClCompile Include="Animation\Animator\Animator.cpp">
      <Filter>Source Files\Animation\Animator</Filter>
    </ClCompile>
    <ClCompile Include="Animation\Render\AnimationShader.cpp">
      <Filter>Source Files\Animation\Render</Filter>
    </ClCompile>
    <ClCompile Include="MeshObject\MeshCube.cpp">
      <Filter>Source Files\MeshObject</Filter>
    </ClCompile>
    <ClCompile Include="MeshObject\MeshQuad.cpp">
      <Filter>Source Files\MeshObject</Filter>
    </ClCompile>
    <ClCompile Include="MeshObject\MeshSphere.cpp">
      <Filter>Source Files\MeshObject</Filter>
    </ClCompile>
    <ClCompile Include="MeshObject\MeshSpiral.cpp">
      <Filter>Source Files\MeshObject</Filter>
    </ClCompile>
    <ClCompile Include="MeshObject\MeshTorus.cpp">
      <Filter>Source Files\MeshObject</Filter>
    </ClCompile>
    <ClCompile Include="Third\deps\stb_image.c">
      <Filter>Source Files\Third\deps</Filter>
    </ClCompile>
    <ClCompile Include="Third\tinyxml\tinystr.cpp">
      <Filter>Source Files\Third\tinyxml</Filter>
    </ClCompile>
    <ClCompile Include="Third\tinyxml\tinyxml.cpp">
      <Filter>Source Files\Third\tinyxml</Filter>
    </ClCompile>
    <ClCompile Include="Third\tinyxml\tinyxmlerror.cpp">
      <Filter>Source Files\Third\tinyxml</Filter>
    </ClCompile>
    <ClCompile Include="Third\tinyxml\tinyxmlparser.cpp">
      <Filter>Source Files\Third\tinyxml</Filter>
    </ClCompile>
    <ClCompile Include="Bitmap.cpp">
      <Filter>Source Files</Filter>
    </ClCompile>
    <ClCompile Include="Camera.cpp">
      <Filter>Source Files</Filter>
    </ClCompile>
    <ClCompile Include="Depthmap.cpp">
      <Filter>Source Files</Filter>
    </ClCompile>
    <ClCompile Include="Entity3D.cpp">
      <Filter>Source Files</Filter>
    </ClCompile>
    <ClCompile Include="Extension.cpp">
      <Filter>Source Files</Filter>
    </ClCompile>
    <ClCompile Include="main.cpp">
      <Filter>Source Files</Filter>
    </ClCompile>
    <ClCompile Include="Model.cpp">
      <Filter>Source Files</Filter>
    </ClCompile>
    <ClCompile Include="ModelMatrix.cpp">
      <Filter>Source Files</Filter>
    </ClCompile>
    <ClCompile Include="Object.cpp">
      <Filter>Source Files</Filter>
    </ClCompile>
    <ClCompile Include="Shader.cpp">
      <Filter>Source Files</Filter>
    </ClCompile>
    <ClCompile Include="Skybox.cpp">
      <Filter>Source Files</Filter>
    </ClCompile>
    <ClCompile Include="Texture.cpp">
      <Filter>Source Files</Filter>
    </ClCompile>
    <ClCompile Include="Vector.cpp">
      <Filter>Source Files</Filter>
    </ClCompile>
    <ClCompile Include="Animation\ColladaLoader\ColladaLoader.cpp">
      <Filter>Source Files\Animation\ColladaLoader</Filter>
    </ClCompile>
  </ItemGroup>
</Project>