<?xml version="1.0" encoding="utf-8"?>
<Project ToolsVersion="4.0" xmlns="http://schemas.microsoft.com/developer/msbuild/2003">
  <ItemGroup>
    <Filter Include="Source Files">
      <UniqueIdentifier>{4FC737F1-C7A5-4376-A066-2A32D752A2FF}</UniqueIdentifier>
      <Extensions>cpp;c;cc;cxx;def;odl;idl;hpj;bat;asm;asmx</Extensions>
    </Filter>
    <Filter Include="Header Files">
      <UniqueIdentifier>{93995380-89BD-4b04-88EB-625FBE52EBFB}</UniqueIdentifier>
      <Extensions>h;hh;hpp;hxx;hm;inl;inc;xsd</Extensions>
    </Filter>
    <Filter Include="Resource Files">
      <UniqueIdentifier>{67DA6AB6-F800-4c08-8B7A-83BB121AAD01}</UniqueIdentifier>
      <Extensions>rc;ico;cur;bmp;dlg;rc2;rct;bin;rgs;gif;jpg;jpeg;jpe;resx;tiff;tif;png;wav;mfcribbon-ms</Extensions>
    </Filter>
    <Filter Include="Header Files\tinyxml">
      <UniqueIdentifier>{7001a077-b8d1-42cb-aa35-bc95bb6117d9}</UniqueIdentifier>
    </Filter>
    <Filter Include="Source Files\tinyxml">
      <UniqueIdentifier>{74b97ed6-2d30-4cf8-a763-6768ff14a87e}</UniqueIdentifier>
    </Filter>
    <Filter Include="Header Files\AnimatedModel">
      <UniqueIdentifier>{59731dbe-5e64-4b3b-9b17-b699c36fb7d4}</UniqueIdentifier>
    </Filter>
    <Filter Include="Source Files\AnimatedModel">
      <UniqueIdentifier>{c77f82d1-9228-423b-9cd4-b21980c778ef}</UniqueIdentifier>
    </Filter>
    <Filter Include="Header Files\Animator">
      <UniqueIdentifier>{52fa0e3a-029a-48bf-baf9-173f9531cd5f}</UniqueIdentifier>
    </Filter>
    <Filter Include="Source Files\Animator">
      <UniqueIdentifier>{edef7e5a-4837-4703-8fab-aef4afa38a85}</UniqueIdentifier>
    </Filter>
    <Filter Include="Header Files\Render">
      <UniqueIdentifier>{32726373-cfea-4a50-b2d9-8f9301db5f08}</UniqueIdentifier>
    </Filter>
    <Filter Include="Source Files\Render">
      <UniqueIdentifier>{2470c29d-19d8-4535-a00f-f9ffe5302617}</UniqueIdentifier>
    </Filter>
    <Filter Include="Header Files\deps">
      <UniqueIdentifier>{10884415-f1da-4e45-912c-5193268b50ab}</UniqueIdentifier>
    </Filter>
    <Filter Include="Source Files\deps">
      <UniqueIdentifier>{87480b84-d3c8-488d-8fb3-1a685ab0f427}</UniqueIdentifier>
    </Filter>
    <Filter Include="Header Files\ColladaLoader">
      <UniqueIdentifier>{1eb9acca-e5d8-4c92-9603-96a9f6481c1a}</UniqueIdentifier>
    </Filter>
    <Filter Include="Source Files\ColladaLoader">
      <UniqueIdentifier>{5e999fea-117b-4a1d-9a3a-a142e2fc6253}</UniqueIdentifier>
    </Filter>
  </ItemGroup>
  <ItemGroup>
    <ClInclude Include="Bitmap.h">
      <Filter>Header Files</Filter>
    </ClInclude>
    <ClInclude Include="Camera.h">
      <Filter>Header Files</Filter>
    </ClInclude>
    <ClInclude Include="Depthmap.h">
      <Filter>Header Files</Filter>
    </ClInclude>
    <ClInclude Include="Extension.h">
      <Filter>Header Files</Filter>
    </ClInclude>
    <ClInclude Include="Model.h">
      <Filter>Header Files</Filter>
    </ClInclude>
    <ClInclude Include="ModelMatrix.h">
      <Filter>Header Files</Filter>
    </ClInclude>
    <ClInclude Include="Object.h">
      <Filter>Header Files</Filter>
    </ClInclude>
    <ClInclude Include="Shader.h">
      <Filter>Header Files</Filter>
    </ClInclude>
    <ClInclude Include="Skybox.h">
      <Filter>Header Files</Filter>
    </ClInclude>
    <ClInclude Include="Vector.h">
      <Filter>Header Files</Filter>
    </ClInclude>
    <ClInclude Include="tinyxml\tinystr.h">
      <Filter>Header Files\tinyxml</Filter>
    </ClInclude>
    <ClInclude Include="tinyxml\tinyxml.h">
      <Filter>Header Files\tinyxml</Filter>
    </ClInclude>
    <ClInclude Include="AnimatedModel\Texture.h">
      <Filter>Header Files\AnimatedModel</Filter>
    </ClInclude>
    <ClInclude Include="AnimatedModel\AnimatedMesh.h">
      <Filter>Header Files\AnimatedModel</Filter>
    </ClInclude>
    <ClInclude Include="AnimatedModel\AnimatedModel.h">
      <Filter>Header Files\AnimatedModel</Filter>
    </ClInclude>
    <ClInclude Include="Animator\Animation.h">
      <Filter>Header Files\Animator</Filter>
    </ClInclude>
    <ClInclude Include="Animator\Animator.h">
      <Filter>Header Files\Animator</Filter>
    </ClInclude>
    <ClInclude Include="Render\AnimationShader.h">
      <Filter>Header Files\Render</Filter>
    </ClInclude>
    <ClInclude Include="Render\Shader2.h">
      <Filter>Header Files\Render</Filter>
    </ClInclude>
    <ClInclude Include="deps\stb_image.h">
      <Filter>Header Files\deps</Filter>
    </ClInclude>
    <ClInclude Include="ColladaLoader\ColladaLoader.h">
      <Filter>Header Files\ColladaLoader</Filter>
    </ClInclude>
  </ItemGroup>
  <ItemGroup>
    <ClCompile Include="Bitmap.cpp">
      <Filter>Source Files</Filter>
    </ClCompile>
    <ClCompile Include="Camera.cpp">
      <Filter>Source Files</Filter>
    </ClCompile>
    <ClCompile Include="Depthmap.cpp">
      <Filter>Source Files</Filter>
    </ClCompile>
    <ClCompile Include="Extension.cpp">
      <Filter>Source Files</Filter>
    </ClCompile>
    <ClCompile Include="main.cpp">
      <Filter>Source Files</Filter>
    </ClCompile>
    <ClCompile Include="Model.cpp">
      <Filter>Source Files</Filter>
    </ClCompile>
    <ClCompile Include="ModelMatrix.cpp">
      <Filter>Source Files</Filter>
    </ClCompile>
    <ClCompile Include="Object.cpp">
      <Filter>Source Files</Filter>
    </ClCompile>
    <ClCompile Include="Shader.cpp">
      <Filter>Source Files</Filter>
    </ClCompile>
    <ClCompile Include="Skybox.cpp">
      <Filter>Source Files</Filter>
    </ClCompile>
    <ClCompile Include="Vector.cpp">
      <Filter>Source Files</Filter>
    </ClCompile>
    <ClCompile Include="tinyxml\tinystr.cpp">
      <Filter>Source Files\tinyxml</Filter>
    </ClCompile>
    <ClCompile Include="tinyxml\tinyxml.cpp">
      <Filter>Source Files\tinyxml</Filter>
    </ClCompile>
    <ClCompile Include="tinyxml\tinyxmlerror.cpp">
      <Filter>Source Files\tinyxml</Filter>
    </ClCompile>
    <ClCompile Include="tinyxml\tinyxmlparser.cpp">
      <Filter>Source Files\tinyxml</Filter>
    </ClCompile>
    <ClCompile Include="AnimatedModel\Texture.cpp">
      <Filter>Source Files\AnimatedModel</Filter>
    </ClCompile>
    <ClCompile Include="AnimatedModel\AnimatedMesh.cpp">
      <Filter>Source Files\AnimatedModel</Filter>
    </ClCompile>
    <ClCompile Include="AnimatedModel\AnimatedModel.cpp">
      <Filter>Source Files\AnimatedModel</Filter>
    </ClCompile>
    <ClCompile Include="Animator\Animation.cpp">
      <Filter>Source Files\Animator</Filter>
    </ClCompile>
    <ClCompile Include="Animator\Animator.cpp">
      <Filter>Source Files\Animator</Filter>
    </ClCompile>
    <ClCompile Include="Render\AnimationShader.cpp">
      <Filter>Source Files\Render</Filter>
    </ClCompile>
    <ClCompile Include="Render\Shader2.cpp">
      <Filter>Source Files\Render</Filter>
    </ClCompile>
    <ClCompile Include="deps\stb_image.c">
      <Filter>Source Files\deps</Filter>
    </ClCompile>
    <ClCompile Include="ColladaLoader\ColladaLoader.cpp">
      <Filter>Source Files\ColladaLoader</Filter>
    </ClCompile>
  </ItemGroup>
</Project>